
Microsoft Visual Studio Solution File, Format Version 12.00
# Visual Studio Version 16
VisualStudioVersion = 16.0.29503.13
MinimumVisualStudioVersion = 10.0.40219.1
Project("{9A19103F-16F7-4668-BE54-9A1E7A4F7556}") = "FirstCalculator", "FirstCalculator\FirstCalculator.csproj", "{1E8303C0-C783-4BD8-AD17-A668F61452AD}"
EndProject
Global
	GlobalSection(SolutionConfigurationPlatforms) = preSolution
		Debug|Any CPU = Debug|Any CPU
		Release|Any CPU = Release|Any CPU
	EndGlobalSection
	GlobalSection(ProjectConfigurationPlatforms) = postSolution
		{1E8303C0-C783-4BD8-AD17-A668F61452AD}.Debug|Any CPU.ActiveCfg = Debug|Any CPU
		{1E8303C0-C783-4BD8-AD17-A668F61452AD}.Debug|Any CPU.Build.0 = Debug|Any CPU
		{1E8303C0-C783-4BD8-AD17-A668F61452AD}.Release|Any CPU.ActiveCfg = Release|Any CPU
		{1E8303C0-C783-4BD8-AD17-A668F61452AD}.Release|Any CPU.Build.0 = Release|Any CPU
	EndGlobalSection
	GlobalSection(SolutionProperties) = preSolution
		HideSolutionNode = FALSE
	EndGlobalSection
	GlobalSection(ExtensibilityGlobals) = postSolution
		SolutionGuid = {74D94A45-B38D-4D95-9332-C18CEDA93277}
	EndGlobalSection
EndGlobal
